
Microsoft Visual Studio Solution File, Format Version 12.00
# Visual Studio Version 17
VisualStudioVersion = 17.10.35013.160
MinimumVisualStudioVersion = 10.0.40219.1
Project("{FAE04EC0-301F-11D3-BF4B-00C04F79EFBC}") = "Exam_Library", "Exam_Library\Exam_Library.csproj", "{E1A0AD6E-4CFE-47C1-8171-AC26E6F2F0B0}"
EndProject
Global
	GlobalSection(SolutionConfigurationPlatforms) = preSolution
		Debug|Any CPU = Debug|Any CPU
		Release|Any CPU = Release|Any CPU
	EndGlobalSection
	GlobalSection(ProjectConfigurationPlatforms) = postSolution
		{E1A0AD6E-4CFE-47C1-8171-AC26E6F2F0B0}.Debug|Any CPU.ActiveCfg = Debug|Any CPU
		{E1A0AD6E-4CFE-47C1-8171-AC26E6F2F0B0}.Debug|Any CPU.Build.0 = Debug|Any CPU
		{E1A0AD6E-4CFE-47C1-8171-AC26E6F2F0B0}.Release|Any CPU.ActiveCfg = Release|Any CPU
		{E1A0AD6E-4CFE-47C1-8171-AC26E6F2F0B0}.Release|Any CPU.Build.0 = Release|Any CPU
	EndGlobalSection
	GlobalSection(SolutionProperties) = preSolution
		HideSolutionNode = FALSE
	EndGlobalSection
	GlobalSection(ExtensibilityGlobals) = postSolution
		SolutionGuid = {140A5A56-D2D6-4E51-B4E3-C9E746E5EB46}
	EndGlobalSection
EndGlobal
